
Microsoft Visual Studio Solution File, Format Version 12.00
# Visual Studio 14
VisualStudioVersion = 14.0.25420.1
MinimumVisualStudioVersion = 10.0.40219.1
Project("{FAE04EC0-301F-11D3-BF4B-00C04F79EFBC}") = "MasterDetailPageExample", "MasterDetailPageExample\MasterDetailPageExample\MasterDetailPageExample.csproj", "{C12B656D-A13F-4BE6-B1E2-50178C9F03A9}"
EndProject
Project("{FAE04EC0-301F-11D3-BF4B-00C04F79EFBC}") = "MasterDetailPageExample.Droid", "MasterDetailPageExample\MasterDetailPageExample.Droid\MasterDetailPageExample.Droid.csproj", "{916182A4-77BE-4419-8569-77BE56A9364F}"
EndProject
Project("{FAE04EC0-301F-11D3-BF4B-00C04F79EFBC}") = "MasterDetailPageExample.iOS", "MasterDetailPageExample\MasterDetailPageExample.iOS\MasterDetailPageExample.iOS.csproj", "{B49310D2-25AC-4CA2-973E-F05BC865D4F1}"
EndProject
Project("{FAE04EC0-301F-11D3-BF4B-00C04F79EFBC}") = "MasterDetailPageExample.WinPhone", "MasterDetailPageExample\MasterDetailPageExample.WinPhone\MasterDetailPageExample.WinPhone.csproj", "{34AFF934-7EE4-4971-94C1-BF06861DA298}"
EndProject
Project("{FAE04EC0-301F-11D3-BF4B-00C04F79EFBC}") = "MasterDetailPageExample.UWP", "MasterDetailPageExample\MasterDetailPageExample.UWP\MasterDetailPageExample.UWP.csproj", "{52B6ADD3-EB1C-476F-9FE6-B7FADC1EFBE0}"
EndProject
Project("{FAE04EC0-301F-11D3-BF4B-00C04F79EFBC}") = "MasterDetailPageExample.Windows", "MasterDetailPageExample\MasterDetailPageExample.Windows\MasterDetailPageExample.Windows.csproj", "{69E1EA22-36E0-4DF5-8838-9BF608FD27CD}"
EndProject
Global
	GlobalSection(SolutionConfigurationPlatforms) = preSolution
		Ad-Hoc|Any CPU = Ad-Hoc|Any CPU
		Ad-Hoc|ARM = Ad-Hoc|ARM
		Ad-Hoc|iPhone = Ad-Hoc|iPhone
		Ad-Hoc|iPhoneSimulator = Ad-Hoc|iPhoneSimulator
		Ad-Hoc|x64 = Ad-Hoc|x64
		Ad-Hoc|x86 = Ad-Hoc|x86
		AppStore|Any CPU = AppStore|Any CPU
		AppStore|ARM = AppStore|ARM
		AppStore|iPhone = AppStore|iPhone
		AppStore|iPhoneSimulator = AppStore|iPhoneSimulator
		AppStore|x64 = AppStore|x64
		AppStore|x86 = AppStore|x86
		Debug|Any CPU = Debug|Any CPU
		Debug|ARM = Debug|ARM
		Debug|iPhone = Debug|iPhone
		Debug|iPhoneSimulator = Debug|iPhoneSimulator
		Debug|x64 = Debug|x64
		Debug|x86 = Debug|x86
		Release|Any CPU = Release|Any CPU
		Release|ARM = Release|ARM
		Release|iPhone = Release|iPhone
		Release|iPhoneSimulator = Release|iPhoneSimulator
		Release|x64 = Release|x64
		Release|x86 = Release|x86
	EndGlobalSection
	GlobalSection(ProjectConfigurationPlatforms) = postSolution
		{C12B656D-A13F-4BE6-B1E2-50178C9F03A9}.Ad-Hoc|Any CPU.ActiveCfg = Release|Any CPU
		{C12B656D-A13F-4BE6-B1E2-50178C9F03A9}.Ad-Hoc|Any CPU.Build.0 = Release|Any CPU
		{C12B656D-A13F-4BE6-B1E2-50178C9F03A9}.Ad-Hoc|ARM.ActiveCfg = Release|Any CPU
		{C12B656D-A13F-4BE6-B1E2-50178C9F03A9}.Ad-Hoc|ARM.Build.0 = Release|Any CPU
		{C12B656D-A13F-4BE6-B1E2-50178C9F03A9}.Ad-Hoc|iPhone.ActiveCfg = Release|Any CPU
		{C12B656D-A13F-4BE6-B1E2-50178C9F03A9}.Ad-Hoc|iPhone.Build.0 = Release|Any CPU
		{C12B656D-A13F-4BE6-B1E2-50178C9F03A9}.Ad-Hoc|iPhoneSimulator.ActiveCfg = Release|Any CPU
		{C12B656D-A13F-4BE6-B1E2-50178C9F03A9}.Ad-Hoc|iPhoneSimulator.Build.0 = Release|Any CPU
		{C12B656D-A13F-4BE6-B1E2-50178C9F03A9}.Ad-Hoc|x64.ActiveCfg = Release|Any CPU
		{C12B656D-A13F-4BE6-B1E2-50178C9F03A9}.Ad-Hoc|x64.Build.0 = Release|Any CPU
		{C12B656D-A13F-4BE6-B1E2-50178C9F03A9}.Ad-Hoc|x86.ActiveCfg = Release|Any CPU
		{C12B656D-A13F-4BE6-B1E2-50178C9F03A9}.Ad-Hoc|x86.Build.0 = Release|Any CPU
		{C12B656D-A13F-4BE6-B1E2-50178C9F03A9}.AppStore|Any CPU.ActiveCfg = Release|Any CPU
		{C12B656D-A13F-4BE6-B1E2-50178C9F03A9}.AppStore|Any CPU.Build.0 = Release|Any CPU
		{C12B656D-A13F-4BE6-B1E2-50178C9F03A9}.AppStore|ARM.ActiveCfg = Release|Any CPU
		{C12B656D-A13F-4BE6-B1E2-50178C9F03A9}.AppStore|ARM.Build.0 = Release|Any CPU
		{C12B656D-A13F-4BE6-B1E2-50178C9F03A9}.AppStore|iPhone.ActiveCfg = Release|Any CPU
		{C12B656D-A13F-4BE6-B1E2-50178C9F03A9}.AppStore|iPhone.Build.0 = Release|Any CPU
		{C12B656D-A13F-4BE6-B1E2-50178C9F03A9}.AppStore|iPhoneSimulator.ActiveCfg = Release|Any CPU
		{C12B656D-A13F-4BE6-B1E2-50178C9F03A9}.AppStore|iPhoneSimulator.Build.0 = Release|Any CPU
		{C12B656D-A13F-4BE6-B1E2-50178C9F03A9}.AppStore|x64.ActiveCfg = Release|Any CPU
		{C12B656D-A13F-4BE6-B1E2-50178C9F03A9}.AppStore|x64.Build.0 = Release|Any CPU
		{C12B656D-A13F-4BE6-B1E2-50178C9F03A9}.AppStore|x86.ActiveCfg = Release|Any CPU
		{C12B656D-A13F-4BE6-B1E2-50178C9F03A9}.AppStore|x86.Build.0 = Release|Any CPU
		{C12B656D-A13F-4BE6-B1E2-50178C9F03A9}.Debug|Any CPU.ActiveCfg = Debug|Any CPU
		{C12B656D-A13F-4BE6-B1E2-50178C9F03A9}.Debug|Any CPU.Build.0 = Debug|Any CPU
		{C12B656D-A13F-4BE6-B1E2-50178C9F03A9}.Debug|ARM.ActiveCfg = Debug|Any CPU
		{C12B656D-A13F-4BE6-B1E2-50178C9F03A9}.Debug|ARM.Build.0 = Debug|Any CPU
		{C12B656D-A13F-4BE6-B1E2-50178C9F03A9}.Debug|iPhone.ActiveCfg = Debug|Any CPU
		{C12B656D-A13F-4BE6-B1E2-50178C9F03A9}.Debug|iPhone.Build.0 = Debug|Any CPU
		{C12B656D-A13F-4BE6-B1E2-50178C9F03A9}.Debug|iPhoneSimulator.ActiveCfg = Debug|Any CPU
		{C12B656D-A13F-4BE6-B1E2-50178C9F03A9}.Debug|iPhoneSimulator.Build.0 = Debug|Any CPU
		{C12B656D-A13F-4BE6-B1E2-50178C9F03A9}.Debug|x64.ActiveCfg = Debug|Any CPU
		{C12B656D-A13F-4BE6-B1E2-50178C9F03A9}.Debug|x64.Build.0 = Debug|Any CPU
		{C12B656D-A13F-4BE6-B1E2-50178C9F03A9}.Debug|x86.ActiveCfg = Debug|Any CPU
		{C12B656D-A13F-4BE6-B1E2-50178C9F03A9}.Debug|x86.Build.0 = Debug|Any CPU
		{C12B656D-A13F-4BE6-B1E2-50178C9F03A9}.Release|Any CPU.ActiveCfg = Release|Any CPU
		{C12B656D-A13F-4BE6-B1E2-50178C9F03A9}.Release|Any CPU.Build.0 = Release|Any CPU
		{C12B656D-A13F-4BE6-B1E2-50178C9F03A9}.Release|ARM.ActiveCfg = Release|Any CPU
		{C12B656D-A13F-4BE6-B1E2-50178C9F03A9}.Release|ARM.Build.0 = Release|Any CPU
		{C12B656D-A13F-4BE6-B1E2-50178C9F03A9}.Release|iPhone.ActiveCfg = Release|Any CPU
		{C12B656D-A13F-4BE6-B1E2-50178C9F03A9}.Release|iPhone.Build.0 = Release|Any CPU
		{C12B656D-A13F-4BE6-B1E2-50178C9F03A9}.Release|iPhoneSimulator.ActiveCfg = Release|Any CPU
		{C12B656D-A13F-4BE6-B1E2-50178C9F03A9}.Release|iPhoneSimulator.Build.0 = Release|Any CPU
		{C12B656D-A13F-4BE6-B1E2-50178C9F03A9}.Release|x64.ActiveCfg = Release|Any CPU
		{C12B656D-A13F-4BE6-B1E2-50178C9F03A9}.Release|x64.Build.0 = Release|Any CPU
		{C12B656D-A13F-4BE6-B1E2-50178C9F03A9}.Release|x86.ActiveCfg = Release|Any CPU
		{C12B656D-A13F-4BE6-B1E2-50178C9F03A9}.Release|x86.Build.0 = Release|Any CPU
		{916182A4-77BE-4419-8569-77BE56A9364F}.Ad-Hoc|Any CPU.ActiveCfg = Release|Any CPU
		{916182A4-77BE-4419-8569-77BE56A9364F}.Ad-Hoc|Any CPU.Build.0 = Release|Any CPU
		{916182A4-77BE-4419-8569-77BE56A9364F}.Ad-Hoc|Any CPU.Deploy.0 = Release|Any CPU
		{916182A4-77BE-4419-8569-77BE56A9364F}.Ad-Hoc|ARM.ActiveCfg = Release|Any CPU
		{916182A4-77BE-4419-8569-77BE56A9364F}.Ad-Hoc|ARM.Build.0 = Release|Any CPU
		{916182A4-77BE-4419-8569-77BE56A9364F}.Ad-Hoc|ARM.Deploy.0 = Release|Any CPU
		{916182A4-77BE-4419-8569-77BE56A9364F}.Ad-Hoc|iPhone.ActiveCfg = Release|Any CPU
		{916182A4-77BE-4419-8569-77BE56A9364F}.Ad-Hoc|iPhone.Build.0 = Release|Any CPU
		{916182A4-77BE-4419-8569-77BE56A9364F}.Ad-Hoc|iPhone.Deploy.0 = Release|Any CPU
		{916182A4-77BE-4419-8569-77BE56A9364F}.Ad-Hoc|iPhoneSimulator.ActiveCfg = Release|Any CPU
		{916182A4-77BE-4419-8569-77BE56A9364F}.Ad-Hoc|iPhoneSimulator.Build.0 = Release|Any CPU
		{916182A4-77BE-4419-8569-77BE56A9364F}.Ad-Hoc|iPhoneSimulator.Deploy.0 = Release|Any CPU
		{916182A4-77BE-4419-8569-77BE56A9364F}.Ad-Hoc|x64.ActiveCfg = Release|Any CPU
		{916182A4-77BE-4419-8569-77BE56A9364F}.Ad-Hoc|x64.Build.0 = Release|Any CPU
		{916182A4-77BE-4419-8569-77BE56A9364F}.Ad-Hoc|x64.Deploy.0 = Release|Any CPU
		{916182A4-77BE-4419-8569-77BE56A9364F}.Ad-Hoc|x86.ActiveCfg = Release|Any CPU
		{916182A4-77BE-4419-8569-77BE56A9364F}.Ad-Hoc|x86.Build.0 = Release|Any CPU
		{916182A4-77BE-4419-8569-77BE56A9364F}.Ad-Hoc|x86.Deploy.0 = Release|Any CPU
		{916182A4-77BE-4419-8569-77BE56A9364F}.AppStore|Any CPU.ActiveCfg = Release|Any CPU
		{916182A4-77BE-4419-8569-77BE56A9364F}.AppStore|Any CPU.Build.0 = Release|Any CPU
		{916182A4-77BE-4419-8569-77BE56A9364F}.AppStore|Any CPU.Deploy.0 = Release|Any CPU
		{916182A4-77BE-4419-8569-77BE56A9364F}.AppStore|ARM.ActiveCfg = Release|Any CPU
		{916182A4-77BE-4419-8569-77BE56A9364F}.AppStore|ARM.Build.0 = Release|Any CPU
		{916182A4-77BE-4419-8569-77BE56A9364F}.AppStore|ARM.Deploy.0 = Release|Any CPU
		{916182A4-77BE-4419-8569-77BE56A9364F}.AppStore|iPhone.ActiveCfg = Release|Any CPU
		{916182A4-77BE-4419-8569-77BE56A9364F}.AppStore|iPhone.Build.0 = Release|Any CPU
		{916182A4-77BE-4419-8569-77BE56A9364F}.AppStore|iPhone.Deploy.0 = Release|Any CPU
		{916182A4-77BE-4419-8569-77BE56A9364F}.AppStore|iPhoneSimulator.ActiveCfg = Release|Any CPU
		{916182A4-77BE-4419-8569-77BE56A9364F}.AppStore|iPhoneSimulator.Build.0 = Release|Any CPU
		{916182A4-77BE-4419-8569-77BE56A9364F}.AppStore|iPhoneSimulator.Deploy.0 = Release|Any CPU
		{916182A4-77BE-4419-8569-77BE56A9364F}.AppStore|x64.ActiveCfg = Release|Any CPU
		{916182A4-77BE-4419-8569-77BE56A9364F}.AppStore|x64.Build.0 = Release|Any CPU
		{916182A4-77BE-4419-8569-77BE56A9364F}.AppStore|x64.Deploy.0 = Release|Any CPU
		{916182A4-77BE-4419-8569-77BE56A9364F}.AppStore|x86.ActiveCfg = Release|Any CPU
		{916182A4-77BE-4419-8569-77BE56A9364F}.AppStore|x86.Build.0 = Release|Any CPU
		{916182A4-77BE-4419-8569-77BE56A9364F}.AppStore|x86.Deploy.0 = Release|Any CPU
		{916182A4-77BE-4419-8569-77BE56A9364F}.Debug|Any CPU.ActiveCfg = Debug|Any CPU
		{916182A4-77BE-4419-8569-77BE56A9364F}.Debug|Any CPU.Build.0 = Debug|Any CPU
		{916182A4-77BE-4419-8569-77BE56A9364F}.Debug|Any CPU.Deploy.0 = Debug|Any CPU
		{916182A4-77BE-4419-8569-77BE56A9364F}.Debug|ARM.ActiveCfg = Debug|Any CPU
		{916182A4-77BE-4419-8569-77BE56A9364F}.Debug|ARM.Build.0 = Debug|Any CPU
		{916182A4-77BE-4419-8569-77BE56A9364F}.Debug|ARM.Deploy.0 = Debug|Any CPU
		{916182A4-77BE-4419-8569-77BE56A9364F}.Debug|iPhone.ActiveCfg = Debug|Any CPU
		{916182A4-77BE-4419-8569-77BE56A9364F}.Debug|iPhone.Build.0 = Debug|Any CPU
		{916182A4-77BE-4419-8569-77BE56A9364F}.Debug|iPhone.Deploy.0 = Debug|Any CPU
		{916182A4-77BE-4419-8569-77BE56A9364F}.Debug|iPhoneSimulator.ActiveCfg = Debug|Any CPU
		{916182A4-77BE-4419-8569-77BE56A9364F}.Debug|iPhoneSimulator.Build.0 = Debug|Any CPU
		{916182A4-77BE-4419-8569-77BE56A9364F}.Debug|iPhoneSimulator.Deploy.0 = Debug|Any CPU
		{916182A4-77BE-4419-8569-77BE56A9364F}.Debug|x64.ActiveCfg = Debug|Any CPU
		{916182A4-77BE-4419-8569-77BE56A9364F}.Debug|x64.Build.0 = Debug|Any CPU
		{916182A4-77BE-4419-8569-77BE56A9364F}.Debug|x64.Deploy.0 = Debug|Any CPU
		{916182A4-77BE-4419-8569-77BE56A9364F}.Debug|x86.ActiveCfg = Debug|Any CPU
		{916182A4-77BE-4419-8569-77BE56A9364F}.Debug|x86.Build.0 = Debug|Any CPU
		{916182A4-77BE-4419-8569-77BE56A9364F}.Debug|x86.Deploy.0 = Debug|Any CPU
		{916182A4-77BE-4419-8569-77BE56A9364F}.Release|Any CPU.ActiveCfg = Release|Any CPU
		{916182A4-77BE-4419-8569-77BE56A9364F}.Release|Any CPU.Build.0 = Release|Any CPU
		{916182A4-77BE-4419-8569-77BE56A9364F}.Release|Any CPU.Deploy.0 = Release|Any CPU
		{916182A4-77BE-4419-8569-77BE56A9364F}.Release|ARM.ActiveCfg = Release|Any CPU
		{916182A4-77BE-4419-8569-77BE56A9364F}.Release|ARM.Build.0 = Release|Any CPU
		{916182A4-77BE-4419-8569-77BE56A9364F}.Release|ARM.Deploy.0 = Release|Any CPU
		{916182A4-77BE-4419-8569-77BE56A9364F}.Release|iPhone.ActiveCfg = Release|Any CPU
		{916182A4-77BE-4419-8569-77BE56A9364F}.Release|iPhone.Build.0 = Release|Any CPU
		{916182A4-77BE-4419-8569-77BE56A9364F}.Release|iPhone.Deploy.0 = Release|Any CPU
		{916182A4-77BE-4419-8569-77BE56A9364F}.Release|iPhoneSimulator.ActiveCfg = Release|Any CPU
		{916182A4-77BE-4419-8569-77BE56A9364F}.Release|iPhoneSimulator.Build.0 = Release|Any CPU
		{916182A4-77BE-4419-8569-77BE56A9364F}.Release|iPhoneSimulator.Deploy.0 = Release|Any CPU
		{916182A4-77BE-4419-8569-77BE56A9364F}.Release|x64.ActiveCfg = Release|Any CPU
		{916182A4-77BE-4419-8569-77BE56A9364F}.Release|x64.Build.0 = Release|Any CPU
		{916182A4-77BE-4419-8569-77BE56A9364F}.Release|x64.Deploy.0 = Release|Any CPU
		{916182A4-77BE-4419-8569-77BE56A9364F}.Release|x86.ActiveCfg = Release|Any CPU
		{916182A4-77BE-4419-8569-77BE56A9364F}.Release|x86.Build.0 = Release|Any CPU
		{916182A4-77BE-4419-8569-77BE56A9364F}.Release|x86.Deploy.0 = Release|Any CPU
		{B49310D2-25AC-4CA2-973E-F05BC865D4F1}.Ad-Hoc|Any CPU.ActiveCfg = Ad-Hoc|iPhone
		{B49310D2-25AC-4CA2-973E-F05BC865D4F1}.Ad-Hoc|ARM.ActiveCfg = Ad-Hoc|iPhone
		{B49310D2-25AC-4CA2-973E-F05BC865D4F1}.Ad-Hoc|iPhone.ActiveCfg = Ad-Hoc|iPhone
		{B49310D2-25AC-4CA2-973E-F05BC865D4F1}.Ad-Hoc|iPhone.Build.0 = Ad-Hoc|iPhone
		{B49310D2-25AC-4CA2-973E-F05BC865D4F1}.Ad-Hoc|iPhoneSimulator.ActiveCfg = Ad-Hoc|iPhoneSimulator
		{B49310D2-25AC-4CA2-973E-F05BC865D4F1}.Ad-Hoc|iPhoneSimulator.Build.0 = Ad-Hoc|iPhoneSimulator
		{B49310D2-25AC-4CA2-973E-F05BC865D4F1}.Ad-Hoc|x64.ActiveCfg = Ad-Hoc|iPhone
		{B49310D2-25AC-4CA2-973E-F05BC865D4F1}.Ad-Hoc|x86.ActiveCfg = Ad-Hoc|iPhone
		{B49310D2-25AC-4CA2-973E-F05BC865D4F1}.AppStore|Any CPU.ActiveCfg = AppStore|iPhone
		{B49310D2-25AC-4CA2-973E-F05BC865D4F1}.AppStore|ARM.ActiveCfg = AppStore|iPhone
		{B49310D2-25AC-4CA2-973E-F05BC865D4F1}.AppStore|iPhone.ActiveCfg = AppStore|iPhone
		{B49310D2-25AC-4CA2-973E-F05BC865D4F1}.AppStore|iPhone.Build.0 = AppStore|iPhone
		{B49310D2-25AC-4CA2-973E-F05BC865D4F1}.AppStore|iPhoneSimulator.ActiveCfg = AppStore|iPhoneSimulator
		{B49310D2-25AC-4CA2-973E-F05BC865D4F1}.AppStore|iPhoneSimulator.Build.0 = AppStore|iPhoneSimulator
		{B49310D2-25AC-4CA2-973E-F05BC865D4F1}.AppStore|x64.ActiveCfg = AppStore|iPhone
		{B49310D2-25AC-4CA2-973E-F05BC865D4F1}.AppStore|x86.ActiveCfg = AppStore|iPhone
		{B49310D2-25AC-4CA2-973E-F05BC865D4F1}.Debug|Any CPU.ActiveCfg = Debug|iPhone
		{B49310D2-25AC-4CA2-973E-F05BC865D4F1}.Debug|ARM.ActiveCfg = Debug|iPhone
		{B49310D2-25AC-4CA2-973E-F05BC865D4F1}.Debug|iPhone.ActiveCfg = Debug|iPhone
		{B49310D2-25AC-4CA2-973E-F05BC865D4F1}.Debug|iPhone.Build.0 = Debug|iPhone
		{B49310D2-25AC-4CA2-973E-F05BC865D4F1}.Debug|iPhoneSimulator.ActiveCfg = Debug|iPhoneSimulator
		{B49310D2-25AC-4CA2-973E-F05BC865D4F1}.Debug|iPhoneSimulator.Build.0 = Debug|iPhoneSimulator
		{B49310D2-25AC-4CA2-973E-F05BC865D4F1}.Debug|x64.ActiveCfg = Debug|iPhone
		{B49310D2-25AC-4CA2-973E-F05BC865D4F1}.Debug|x86.ActiveCfg = Debug|iPhone
		{B49310D2-25AC-4CA2-973E-F05BC865D4F1}.Release|Any CPU.ActiveCfg = Release|iPhone
		{B49310D2-25AC-4CA2-973E-F05BC865D4F1}.Release|ARM.ActiveCfg = Release|iPhone
		{B49310D2-25AC-4CA2-973E-F05BC865D4F1}.Release|iPhone.ActiveCfg = Release|iPhone
		{B49310D2-25AC-4CA2-973E-F05BC865D4F1}.Release|iPhone.Build.0 = Release|iPhone
		{B49310D2-25AC-4CA2-973E-F05BC865D4F1}.Release|iPhoneSimulator.ActiveCfg = Release|iPhoneSimulator
		{B49310D2-25AC-4CA2-973E-F05BC865D4F1}.Release|iPhoneSimulator.Build.0 = Release|iPhoneSimulator
		{B49310D2-25AC-4CA2-973E-F05BC865D4F1}.Release|x64.ActiveCfg = Release|iPhone
		{B49310D2-25AC-4CA2-973E-F05BC865D4F1}.Release|x86.ActiveCfg = Release|iPhone
		{34AFF934-7EE4-4971-94C1-BF06861DA298}.Ad-Hoc|Any CPU.ActiveCfg = Release|Any CPU
		{34AFF934-7EE4-4971-94C1-BF06861DA298}.Ad-Hoc|Any CPU.Build.0 = Release|Any CPU
		{34AFF934-7EE4-4971-94C1-BF06861DA298}.Ad-Hoc|Any CPU.Deploy.0 = Release|Any CPU
		{34AFF934-7EE4-4971-94C1-BF06861DA298}.Ad-Hoc|ARM.ActiveCfg = Release|ARM
		{34AFF934-7EE4-4971-94C1-BF06861DA298}.Ad-Hoc|ARM.Build.0 = Release|ARM
		{34AFF934-7EE4-4971-94C1-BF06861DA298}.Ad-Hoc|ARM.Deploy.0 = Release|ARM
		{34AFF934-7EE4-4971-94C1-BF06861DA298}.Ad-Hoc|iPhone.ActiveCfg = Release|Any CPU
		{34AFF934-7EE4-4971-94C1-BF06861DA298}.Ad-Hoc|iPhone.Build.0 = Release|Any CPU
		{34AFF934-7EE4-4971-94C1-BF06861DA298}.Ad-Hoc|iPhone.Deploy.0 = Release|Any CPU
		{34AFF934-7EE4-4971-94C1-BF06861DA298}.Ad-Hoc|iPhoneSimulator.ActiveCfg = Release|Any CPU
		{34AFF934-7EE4-4971-94C1-BF06861DA298}.Ad-Hoc|iPhoneSimulator.Build.0 = Release|Any CPU
		{34AFF934-7EE4-4971-94C1-BF06861DA298}.Ad-Hoc|iPhoneSimulator.Deploy.0 = Release|Any CPU
		{34AFF934-7EE4-4971-94C1-BF06861DA298}.Ad-Hoc|x64.ActiveCfg = Release|Any CPU
		{34AFF934-7EE4-4971-94C1-BF06861DA298}.Ad-Hoc|x64.Build.0 = Release|Any CPU
		{34AFF934-7EE4-4971-94C1-BF06861DA298}.Ad-Hoc|x64.Deploy.0 = Release|Any CPU
		{34AFF934-7EE4-4971-94C1-BF06861DA298}.Ad-Hoc|x86.ActiveCfg = Release|x86
		{34AFF934-7EE4-4971-94C1-BF06861DA298}.Ad-Hoc|x86.Build.0 = Release|x86
		{34AFF934-7EE4-4971-94C1-BF06861DA298}.Ad-Hoc|x86.Deploy.0 = Release|x86
		{34AFF934-7EE4-4971-94C1-BF06861DA298}.AppStore|Any CPU.ActiveCfg = Release|Any CPU
		{34AFF934-7EE4-4971-94C1-BF06861DA298}.AppStore|Any CPU.Build.0 = Release|Any CPU
		{34AFF934-7EE4-4971-94C1-BF06861DA298}.AppStore|Any CPU.Deploy.0 = Release|Any CPU
		{34AFF934-7EE4-4971-94C1-BF06861DA298}.AppStore|ARM.ActiveCfg = Release|ARM
		{34AFF934-7EE4-4971-94C1-BF06861DA298}.AppStore|ARM.Build.0 = Release|ARM
		{34AFF934-7EE4-4971-94C1-BF06861DA298}.AppStore|ARM.Deploy.0 = Release|ARM
		{34AFF934-7EE4-4971-94C1-BF06861DA298}.AppStore|iPhone.ActiveCfg = Release|Any CPU
		{34AFF934-7EE4-4971-94C1-BF06861DA298}.AppStore|iPhone.Build.0 = Release|Any CPU
		{34AFF934-7EE4-4971-94C1-BF06861DA298}.AppStore|iPhone.Deploy.0 = Release|Any CPU
		{34AFF934-7EE4-4971-94C1-BF06861DA298}.AppStore|iPhoneSimulator.ActiveCfg = Release|Any CPU
		{34AFF934-7EE4-4971-94C1-BF06861DA298}.AppStore|iPhoneSimulator.Build.0 = Release|Any CPU
		{34AFF934-7EE4-4971-94C1-BF06861DA298}.AppStore|iPhoneSimulator.Deploy.0 = Release|Any CPU
		{34AFF934-7EE4-4971-94C1-BF06861DA298}.AppStore|x64.ActiveCfg = Release|Any CPU
		{34AFF934-7EE4-4971-94C1-BF06861DA298}.AppStore|x64.Build.0 = Release|Any CPU
		{34AFF934-7EE4-4971-94C1-BF06861DA298}.AppStore|x64.Deploy.0 = Release|Any CPU
		{34AFF934-7EE4-4971-94C1-BF06861DA298}.AppStore|x86.ActiveCfg = Release|x86
		{34AFF934-7EE4-4971-94C1-BF06861DA298}.AppStore|x86.Build.0 = Release|x86
		{34AFF934-7EE4-4971-94C1-BF06861DA298}.AppStore|x86.Deploy.0 = Release|x86
		{34AFF934-7EE4-4971-94C1-BF06861DA298}.Debug|Any CPU.ActiveCfg = Debug|Any CPU
		{34AFF934-7EE4-4971-94C1-BF06861DA298}.Debug|ARM.ActiveCfg = Debug|ARM
		{34AFF934-7EE4-4971-94C1-BF06861DA298}.Debug|ARM.Build.0 = Debug|ARM
		{34AFF934-7EE4-4971-94C1-BF06861DA298}.Debug|ARM.Deploy.0 = Debug|ARM
		{34AFF934-7EE4-4971-94C1-BF06861DA298}.Debug|iPhone.ActiveCfg = Debug|Any CPU
		{34AFF934-7EE4-4971-94C1-BF06861DA298}.Debug|iPhone.Build.0 = Debug|Any CPU
		{34AFF934-7EE4-4971-94C1-BF06861DA298}.Debug|iPhone.Deploy.0 = Debug|Any CPU
		{34AFF934-7EE4-4971-94C1-BF06861DA298}.Debug|iPhoneSimulator.ActiveCfg = Debug|Any CPU
		{34AFF934-7EE4-4971-94C1-BF06861DA298}.Debug|iPhoneSimulator.Build.0 = Debug|Any CPU
		{34AFF934-7EE4-4971-94C1-BF06861DA298}.Debug|iPhoneSimulator.Deploy.0 = Debug|Any CPU
		{34AFF934-7EE4-4971-94C1-BF06861DA298}.Debug|x64.ActiveCfg = Debug|Any CPU
		{34AFF934-7EE4-4971-94C1-BF06861DA298}.Debug|x64.Build.0 = Debug|Any CPU
		{34AFF934-7EE4-4971-94C1-BF06861DA298}.Debug|x64.Deploy.0 = Debug|Any CPU
		{34AFF934-7EE4-4971-94C1-BF06861DA298}.Debug|x86.ActiveCfg = Debug|x86
		{34AFF934-7EE4-4971-94C1-BF06861DA298}.Debug|x86.Build.0 = Debug|x86
		{34AFF934-7EE4-4971-94C1-BF06861DA298}.Debug|x86.Deploy.0 = Debug|x86
		{34AFF934-7EE4-4971-94C1-BF06861DA298}.Release|Any CPU.ActiveCfg = Release|Any CPU
		{34AFF934-7EE4-4971-94C1-BF06861DA298}.Release|Any CPU.Build.0 = Release|Any CPU
		{34AFF934-7EE4-4971-94C1-BF06861DA298}.Release|Any CPU.Deploy.0 = Release|Any CPU
		{34AFF934-7EE4-4971-94C1-BF06861DA298}.Release|ARM.ActiveCfg = Release|ARM
		{34AFF934-7EE4-4971-94C1-BF06861DA298}.Release|ARM.Build.0 = Release|ARM
		{34AFF934-7EE4-4971-94C1-BF06861DA298}.Release|ARM.Deploy.0 = Release|ARM
		{34AFF934-7EE4-4971-94C1-BF06861DA298}.Release|iPhone.ActiveCfg = Release|Any CPU
		{34AFF934-7EE4-4971-94C1-BF06861DA298}.Release|iPhone.Build.0 = Release|Any CPU
		{34AFF934-7EE4-4971-94C1-BF06861DA298}.Release|iPhone.Deploy.0 = Release|Any CPU
		{34AFF934-7EE4-4971-94C1-BF06861DA298}.Release|iPhoneSimulator.ActiveCfg = Release|Any CPU
		{34AFF934-7EE4-4971-94C1-BF06861DA298}.Release|iPhoneSimulator.Build.0 = Release|Any CPU
		{34AFF934-7EE4-4971-94C1-BF06861DA298}.Release|iPhoneSimulator.Deploy.0 = Release|Any CPU
		{34AFF934-7EE4-4971-94C1-BF06861DA298}.Release|x64.ActiveCfg = Release|Any CPU
		{34AFF934-7EE4-4971-94C1-BF06861DA298}.Release|x64.Build.0 = Release|Any CPU
		{34AFF934-7EE4-4971-94C1-BF06861DA298}.Release|x64.Deploy.0 = Release|Any CPU
		{34AFF934-7EE4-4971-94C1-BF06861DA298}.Release|x86.ActiveCfg = Release|x86
		{34AFF934-7EE4-4971-94C1-BF06861DA298}.Release|x86.Build.0 = Release|x86
		{34AFF934-7EE4-4971-94C1-BF06861DA298}.Release|x86.Deploy.0 = Release|x86
		{52B6ADD3-EB1C-476F-9FE6-B7FADC1EFBE0}.Ad-Hoc|Any CPU.ActiveCfg = Release|x86
		{52B6ADD3-EB1C-476F-9FE6-B7FADC1EFBE0}.Ad-Hoc|Any CPU.Build.0 = Release|x86
		{52B6ADD3-EB1C-476F-9FE6-B7FADC1EFBE0}.Ad-Hoc|Any CPU.Deploy.0 = Release|x86
		{52B6ADD3-EB1C-476F-9FE6-B7FADC1EFBE0}.Ad-Hoc|ARM.ActiveCfg = Release|ARM
		{52B6ADD3-EB1C-476F-9FE6-B7FADC1EFBE0}.Ad-Hoc|ARM.Build.0 = Release|ARM
		{52B6ADD3-EB1C-476F-9FE6-B7FADC1EFBE0}.Ad-Hoc|ARM.Deploy.0 = Release|ARM
		{52B6ADD3-EB1C-476F-9FE6-B7FADC1EFBE0}.Ad-Hoc|iPhone.ActiveCfg = Release|x86
		{52B6ADD3-EB1C-476F-9FE6-B7FADC1EFBE0}.Ad-Hoc|iPhone.Build.0 = Release|x86
		{52B6ADD3-EB1C-476F-9FE6-B7FADC1EFBE0}.Ad-Hoc|iPhone.Deploy.0 = Release|x86
		{52B6ADD3-EB1C-476F-9FE6-B7FADC1EFBE0}.Ad-Hoc|iPhoneSimulator.ActiveCfg = Release|x86
		{52B6ADD3-EB1C-476F-9FE6-B7FADC1EFBE0}.Ad-Hoc|iPhoneSimulator.Build.0 = Release|x86
		{52B6ADD3-EB1C-476F-9FE6-B7FADC1EFBE0}.Ad-Hoc|iPhoneSimulator.Deploy.0 = Release|x86
		{52B6ADD3-EB1C-476F-9FE6-B7FADC1EFBE0}.Ad-Hoc|x64.ActiveCfg = Release|x64
		{52B6ADD3-EB1C-476F-9FE6-B7FADC1EFBE0}.Ad-Hoc|x64.Build.0 = Release|x64
		{52B6ADD3-EB1C-476F-9FE6-B7FADC1EFBE0}.Ad-Hoc|x64.Deploy.0 = Release|x64
		{52B6ADD3-EB1C-476F-9FE6-B7FADC1EFBE0}.Ad-Hoc|x86.ActiveCfg = Release|x86
		{52B6ADD3-EB1C-476F-9FE6-B7FADC1EFBE0}.Ad-Hoc|x86.Build.0 = Release|x86
		{52B6ADD3-EB1C-476F-9FE6-B7FADC1EFBE0}.Ad-Hoc|x86.Deploy.0 = Release|x86
		{52B6ADD3-EB1C-476F-9FE6-B7FADC1EFBE0}.AppStore|Any CPU.ActiveCfg = Release|x86
		{52B6ADD3-EB1C-476F-9FE6-B7FADC1EFBE0}.AppStore|Any CPU.Build.0 = Release|x86
		{52B6ADD3-EB1C-476F-9FE6-B7FADC1EFBE0}.AppStore|Any CPU.Deploy.0 = Release|x86
		{52B6ADD3-EB1C-476F-9FE6-B7FADC1EFBE0}.AppStore|ARM.ActiveCfg = Release|ARM
		{52B6ADD3-EB1C-476F-9FE6-B7FADC1EFBE0}.AppStore|ARM.Build.0 = Release|ARM
		{52B6ADD3-EB1C-476F-9FE6-B7FADC1EFBE0}.AppStore|ARM.Deploy.0 = Release|ARM
		{52B6ADD3-EB1C-476F-9FE6-B7FADC1EFBE0}.AppStore|iPhone.ActiveCfg = Release|x86
		{52B6ADD3-EB1C-476F-9FE6-B7FADC1EFBE0}.AppStore|iPhone.Build.0 = Release|x86
		{52B6ADD3-EB1C-476F-9FE6-B7FADC1EFBE0}.AppStore|iPhone.Deploy.0 = Release|x86
		{52B6ADD3-EB1C-476F-9FE6-B7FADC1EFBE0}.AppStore|iPhoneSimulator.ActiveCfg = Release|x86
		{52B6ADD3-EB1C-476F-9FE6-B7FADC1EFBE0}.AppStore|iPhoneSimulator.Build.0 = Release|x86
		{52B6ADD3-EB1C-476F-9FE6-B7FADC1EFBE0}.AppStore|iPhoneSimulator.Deploy.0 = Release|x86
		{52B6ADD3-EB1C-476F-9FE6-B7FADC1EFBE0}.AppStore|x64.ActiveCfg = Release|x64
		{52B6ADD3-EB1C-476F-9FE6-B7FADC1EFBE0}.AppStore|x64.Build.0 = Release|x64
		{52B6ADD3-EB1C-476F-9FE6-B7FADC1EFBE0}.AppStore|x64.Deploy.0 = Release|x64
		{52B6ADD3-EB1C-476F-9FE6-B7FADC1EFBE0}.AppStore|x86.ActiveCfg = Release|x86
		{52B6ADD3-EB1C-476F-9FE6-B7FADC1EFBE0}.AppStore|x86.Build.0 = Release|x86
		{52B6ADD3-EB1C-476F-9FE6-B7FADC1EFBE0}.AppStore|x86.Deploy.0 = Release|x86
		{52B6ADD3-EB1C-476F-9FE6-B7FADC1EFBE0}.Debug|Any CPU.ActiveCfg = Debug|x86
		{52B6ADD3-EB1C-476F-9FE6-B7FADC1EFBE0}.Debug|ARM.ActiveCfg = Debug|ARM
		{52B6ADD3-EB1C-476F-9FE6-B7FADC1EFBE0}.Debug|ARM.Build.0 = Debug|ARM
		{52B6ADD3-EB1C-476F-9FE6-B7FADC1EFBE0}.Debug|ARM.Deploy.0 = Debug|ARM
		{52B6ADD3-EB1C-476F-9FE6-B7FADC1EFBE0}.Debug|iPhone.ActiveCfg = Debug|x86
		{52B6ADD3-EB1C-476F-9FE6-B7FADC1EFBE0}.Debug|iPhoneSimulator.ActiveCfg = Debug|x86
		{52B6ADD3-EB1C-476F-9FE6-B7FADC1EFBE0}.Debug|x64.ActiveCfg = Debug|x64
		{52B6ADD3-EB1C-476F-9FE6-B7FADC1EFBE0}.Debug|x64.Build.0 = Debug|x64
		{52B6ADD3-EB1C-476F-9FE6-B7FADC1EFBE0}.Debug|x64.Deploy.0 = Debug|x64
		{52B6ADD3-EB1C-476F-9FE6-B7FADC1EFBE0}.Debug|x86.ActiveCfg = Debug|x86
		{52B6ADD3-EB1C-476F-9FE6-B7FADC1EFBE0}.Debug|x86.Build.0 = Debug|x86
		{52B6ADD3-EB1C-476F-9FE6-B7FADC1EFBE0}.Debug|x86.Deploy.0 = Debug|x86
		{52B6ADD3-EB1C-476F-9FE6-B7FADC1EFBE0}.Release|Any CPU.ActiveCfg = Release|x86
		{52B6ADD3-EB1C-476F-9FE6-B7FADC1EFBE0}.Release|ARM.ActiveCfg = Release|ARM
		{52B6ADD3-EB1C-476F-9FE6-B7FADC1EFBE0}.Release|ARM.Build.0 = Release|ARM
		{52B6ADD3-EB1C-476F-9FE6-B7FADC1EFBE0}.Release|ARM.Deploy.0 = Release|ARM
		{52B6ADD3-EB1C-476F-9FE6-B7FADC1EFBE0}.Release|iPhone.ActiveCfg = Release|x86
		{52B6ADD3-EB1C-476F-9FE6-B7FADC1EFBE0}.Release|iPhoneSimulator.ActiveCfg = Release|x86
		{52B6ADD3-EB1C-476F-9FE6-B7FADC1EFBE0}.Release|x64.ActiveCfg = Release|x64
		{52B6ADD3-EB1C-476F-9FE6-B7FADC1EFBE0}.Release|x64.Build.0 = Release|x64
		{52B6ADD3-EB1C-476F-9FE6-B7FADC1EFBE0}.Release|x64.Deploy.0 = Release|x64
		{52B6ADD3-EB1C-476F-9FE6-B7FADC1EFBE0}.Release|x86.ActiveCfg = Release|x86
		{52B6ADD3-EB1C-476F-9FE6-B7FADC1EFBE0}.Release|x86.Build.0 = Release|x86
		{52B6ADD3-EB1C-476F-9FE6-B7FADC1EFBE0}.Release|x86.Deploy.0 = Release|x86
		{69E1EA22-36E0-4DF5-8838-9BF608FD27CD}.Ad-Hoc|Any CPU.ActiveCfg = Release|Any CPU
		{69E1EA22-36E0-4DF5-8838-9BF608FD27CD}.Ad-Hoc|Any CPU.Build.0 = Release|Any CPU
		{69E1EA22-36E0-4DF5-8838-9BF608FD27CD}.Ad-Hoc|Any CPU.Deploy.0 = Release|Any CPU
		{69E1EA22-36E0-4DF5-8838-9BF608FD27CD}.Ad-Hoc|ARM.ActiveCfg = Release|ARM
		{69E1EA22-36E0-4DF5-8838-9BF608FD27CD}.Ad-Hoc|ARM.Build.0 = Release|ARM
		{69E1EA22-36E0-4DF5-8838-9BF608FD27CD}.Ad-Hoc|ARM.Deploy.0 = Release|ARM
		{69E1EA22-36E0-4DF5-8838-9BF608FD27CD}.Ad-Hoc|iPhone.ActiveCfg = Release|Any CPU
		{69E1EA22-36E0-4DF5-8838-9BF608FD27CD}.Ad-Hoc|iPhone.Build.0 = Release|Any CPU
		{69E1EA22-36E0-4DF5-8838-9BF608FD27CD}.Ad-Hoc|iPhone.Deploy.0 = Release|Any CPU
		{69E1EA22-36E0-4DF5-8838-9BF608FD27CD}.Ad-Hoc|iPhoneSimulator.ActiveCfg = Release|Any CPU
		{69E1EA22-36E0-4DF5-8838-9BF608FD27CD}.Ad-Hoc|iPhoneSimulator.Build.0 = Release|Any CPU
		{69E1EA22-36E0-4DF5-8838-9BF608FD27CD}.Ad-Hoc|iPhoneSimulator.Deploy.0 = Release|Any CPU
		{69E1EA22-36E0-4DF5-8838-9BF608FD27CD}.Ad-Hoc|x64.ActiveCfg = Release|x64
		{69E1EA22-36E0-4DF5-8838-9BF608FD27CD}.Ad-Hoc|x64.Build.0 = Release|x64
		{69E1EA22-36E0-4DF5-8838-9BF608FD27CD}.Ad-Hoc|x64.Deploy.0 = Release|x64
		{69E1EA22-36E0-4DF5-8838-9BF608FD27CD}.Ad-Hoc|x86.ActiveCfg = Release|x86
		{69E1EA22-36E0-4DF5-8838-9BF608FD27CD}.Ad-Hoc|x86.Build.0 = Release|x86
		{69E1EA22-36E0-4DF5-8838-9BF608FD27CD}.Ad-Hoc|x86.Deploy.0 = Release|x86
		{69E1EA22-36E0-4DF5-8838-9BF608FD27CD}.AppStore|Any CPU.ActiveCfg = Release|Any CPU
		{69E1EA22-36E0-4DF5-8838-9BF608FD27CD}.AppStore|Any CPU.Build.0 = Release|Any CPU
		{69E1EA22-36E0-4DF5-8838-9BF608FD27CD}.AppStore|Any CPU.Deploy.0 = Release|Any CPU
		{69E1EA22-36E0-4DF5-8838-9BF608FD27CD}.AppStore|ARM.ActiveCfg = Release|ARM
		{69E1EA22-36E0-4DF5-8838-9BF608FD27CD}.AppStore|ARM.Build.0 = Release|ARM
		{69E1EA22-36E0-4DF5-8838-9BF608FD27CD}.AppStore|ARM.Deploy.0 = Release|ARM
		{69E1EA22-36E0-4DF5-8838-9BF608FD27CD}.AppStore|iPhone.ActiveCfg = Release|Any CPU
		{69E1EA22-36E0-4DF5-8838-9BF608FD27CD}.AppStore|iPhone.Build.0 = Release|Any CPU
		{69E1EA22-36E0-4DF5-8838-9BF608FD27CD}.AppStore|iPhone.Deploy.0 = Release|Any CPU
		{69E1EA22-36E0-4DF5-8838-9BF608FD27CD}.AppStore|iPhoneSimulator.ActiveCfg = Release|Any CPU
		{69E1EA22-36E0-4DF5-8838-9BF608FD27CD}.AppStore|iPhoneSimulator.Build.0 = Release|Any CPU
		{69E1EA22-36E0-4DF5-8838-9BF608FD27CD}.AppStore|iPhoneSimulator.Deploy.0 = Release|Any CPU
		{69E1EA22-36E0-4DF5-8838-9BF608FD27CD}.AppStore|x64.ActiveCfg = Release|x64
		{69E1EA22-36E0-4DF5-8838-9BF608FD27CD}.AppStore|x64.Build.0 = Release|x64
		{69E1EA22-36E0-4DF5-8838-9BF608FD27CD}.AppStore|x64.Deploy.0 = Release|x64
		{69E1EA22-36E0-4DF5-8838-9BF608FD27CD}.AppStore|x86.ActiveCfg = Release|x86
		{69E1EA22-36E0-4DF5-8838-9BF608FD27CD}.AppStore|x86.Build.0 = Release|x86
		{69E1EA22-36E0-4DF5-8838-9BF608FD27CD}.AppStore|x86.Deploy.0 = Release|x86
		{69E1EA22-36E0-4DF5-8838-9BF608FD27CD}.Debug|Any CPU.ActiveCfg = Debug|Any CPU
		{69E1EA22-36E0-4DF5-8838-9BF608FD27CD}.Debug|ARM.ActiveCfg = Debug|ARM
		{69E1EA22-36E0-4DF5-8838-9BF608FD27CD}.Debug|ARM.Build.0 = Debug|ARM
		{69E1EA22-36E0-4DF5-8838-9BF608FD27CD}.Debug|ARM.Deploy.0 = Debug|ARM
		{69E1EA22-36E0-4DF5-8838-9BF608FD27CD}.Debug|iPhone.ActiveCfg = Debug|Any CPU
		{69E1EA22-36E0-4DF5-8838-9BF608FD27CD}.Debug|iPhone.Build.0 = Debug|Any CPU
		{69E1EA22-36E0-4DF5-8838-9BF608FD27CD}.Debug|iPhone.Deploy.0 = Debug|Any CPU
		{69E1EA22-36E0-4DF5-8838-9BF608FD27CD}.Debug|iPhoneSimulator.ActiveCfg = Debug|Any CPU
		{69E1EA22-36E0-4DF5-8838-9BF608FD27CD}.Debug|iPhoneSimulator.Build.0 = Debug|Any CPU
		{69E1EA22-36E0-4DF5-8838-9BF608FD27CD}.Debug|iPhoneSimulator.Deploy.0 = Debug|Any CPU
		{69E1EA22-36E0-4DF5-8838-9BF608FD27CD}.Debug|x64.ActiveCfg = Debug|x64
		{69E1EA22-36E0-4DF5-8838-9BF608FD27CD}.Debug|x64.Build.0 = Debug|x64
		{69E1EA22-36E0-4DF5-8838-9BF608FD27CD}.Debug|x64.Deploy.0 = Debug|x64
		{69E1EA22-36E0-4DF5-8838-9BF608FD27CD}.Debug|x86.ActiveCfg = Debug|x86
		{69E1EA22-36E0-4DF5-8838-9BF608FD27CD}.Debug|x86.Build.0 = Debug|x86
		{69E1EA22-36E0-4DF5-8838-9BF608FD27CD}.Debug|x86.Deploy.0 = Debug|x86
		{69E1EA22-36E0-4DF5-8838-9BF608FD27CD}.Release|Any CPU.ActiveCfg = Release|Any CPU
		{69E1EA22-36E0-4DF5-8838-9BF608FD27CD}.Release|Any CPU.Build.0 = Release|Any CPU
		{69E1EA22-36E0-4DF5-8838-9BF608FD27CD}.Release|Any CPU.Deploy.0 = Release|Any CPU
		{69E1EA22-36E0-4DF5-8838-9BF608FD27CD}.Release|ARM.ActiveCfg = Release|ARM
		{69E1EA22-36E0-4DF5-8838-9BF608FD27CD}.Release|ARM.Build.0 = Release|ARM
		{69E1EA22-36E0-4DF5-8838-9BF608FD27CD}.Release|ARM.Deploy.0 = Release|ARM
		{69E1EA22-36E0-4DF5-8838-9BF608FD27CD}.Release|iPhone.ActiveCfg = Release|Any CPU
		{69E1EA22-36E0-4DF5-8838-9BF608FD27CD}.Release|iPhone.Build.0 = Release|Any CPU
		{69E1EA22-36E0-4DF5-8838-9BF608FD27CD}.Release|iPhone.Deploy.0 = Release|Any CPU
		{69E1EA22-36E0-4DF5-8838-9BF608FD27CD}.Release|iPhoneSimulator.ActiveCfg = Release|Any CPU
		{69E1EA22-36E0-4DF5-8838-9BF608FD27CD}.Release|iPhoneSimulator.Build.0 = Release|Any CPU
		{69E1EA22-36E0-4DF5-8838-9BF608FD27CD}.Release|iPhoneSimulator.Deploy.0 = Release|Any CPU
		{69E1EA22-36E0-4DF5-8838-9BF608FD27CD}.Release|x64.ActiveCfg = Release|x64
		{69E1EA22-36E0-4DF5-8838-9BF608FD27CD}.Release|x64.Build.0 = Release|x64
		{69E1EA22-36E0-4DF5-8838-9BF608FD27CD}.Release|x64.Deploy.0 = Release|x64
		{69E1EA22-36E0-4DF5-8838-9BF608FD27CD}.Release|x86.ActiveCfg = Release|x86
		{69E1EA22-36E0-4DF5-8838-9BF608FD27CD}.Release|x86.Build.0 = Release|x86
		{69E1EA22-36E0-4DF5-8838-9BF608FD27CD}.Release|x86.Deploy.0 = Release|x86
	EndGlobalSection
	GlobalSection(SolutionProperties) = preSolution
		HideSolutionNode = FALSE
	EndGlobalSection
EndGlobal
